
Microsoft Visual Studio Solution File, Format Version 12.00
# Visual Studio Version 17
VisualStudioVersion = 17.3.32825.248
MinimumVisualStudioVersion = 10.0.40219.1
Project("{FAE04EC0-301F-11D3-BF4B-00C04F79EFBC}") = "volumme_zaritahetheru", "volumme_zaritahetheru\volumme_zaritahetheru.csproj", "{853D6D31-2823-4B19-BED3-2DD4DA29215E}"
EndProject
Global
	GlobalSection(SolutionConfigurationPlatforms) = preSolution
		Debug|Any CPU = Debug|Any CPU
		Release|Any CPU = Release|Any CPU
	EndGlobalSection
	GlobalSection(ProjectConfigurationPlatforms) = postSolution
		{853D6D31-2823-4B19-BED3-2DD4DA29215E}.Debug|Any CPU.ActiveCfg = Debug|Any CPU
		{853D6D31-2823-4B19-BED3-2DD4DA29215E}.Debug|Any CPU.Build.0 = Debug|Any CPU
		{853D6D31-2823-4B19-BED3-2DD4DA29215E}.Release|Any CPU.ActiveCfg = Release|Any CPU
		{853D6D31-2823-4B19-BED3-2DD4DA29215E}.Release|Any CPU.Build.0 = Release|Any CPU
	EndGlobalSection
	GlobalSection(SolutionProperties) = preSolution
		HideSolutionNode = FALSE
	EndGlobalSection
	GlobalSection(ExtensibilityGlobals) = postSolution
		SolutionGuid = {C09A0B77-37AC-4536-9515-65A62F55344B}
	EndGlobalSection
EndGlobal
