
Microsoft Visual Studio Solution File, Format Version 12.00
# Visual Studio Version 17
VisualStudioVersion = 17.3.32825.248
MinimumVisualStudioVersion = 10.0.40219.1
Project("{FAE04EC0-301F-11D3-BF4B-00C04F79EFBC}") = "windChillProgram_Zarita_Hetheru", "windChillProgram_Zarita_Hetheru\windChillProgram_Zarita_Hetheru.csproj", "{B874F9DC-8EC5-4E01-ADBA-5D00C36CCD46}"
EndProject
Global
	GlobalSection(SolutionConfigurationPlatforms) = preSolution
		Debug|Any CPU = Debug|Any CPU
		Release|Any CPU = Release|Any CPU
	EndGlobalSection
	GlobalSection(ProjectConfigurationPlatforms) = postSolution
		{B874F9DC-8EC5-4E01-ADBA-5D00C36CCD46}.Debug|Any CPU.ActiveCfg = Debug|Any CPU
		{B874F9DC-8EC5-4E01-ADBA-5D00C36CCD46}.Debug|Any CPU.Build.0 = Debug|Any CPU
		{B874F9DC-8EC5-4E01-ADBA-5D00C36CCD46}.Release|Any CPU.ActiveCfg = Release|Any CPU
		{B874F9DC-8EC5-4E01-ADBA-5D00C36CCD46}.Release|Any CPU.Build.0 = Release|Any CPU
	EndGlobalSection
	GlobalSection(SolutionProperties) = preSolution
		HideSolutionNode = FALSE
	EndGlobalSection
	GlobalSection(ExtensibilityGlobals) = postSolution
		SolutionGuid = {7EA735B8-0EAC-4FC5-8BC7-BE25056050D4}
	EndGlobalSection
EndGlobal
